
Microsoft Visual Studio Solution File, Format Version 12.00
# Visual Studio 15
VisualStudioVersion = 15.0.27130.2010
MinimumVisualStudioVersion = 10.0.40219.1
Project("{FAE04EC0-301F-11D3-BF4B-00C04F79EFBC}") = "WebApplication1", "WebApplication1\WebApplication1.csproj", "{ABA6ED6E-3D2D-4C5A-8159-28D648FE0D5F}"
EndProject
Project("{2150E333-8FDC-42A3-9474-1A3956D46DE8}") = "Solution Items", "Solution Items", "{39FB27EB-EC38-4649-AAA9-4BAB7A32270E}"
	ProjectSection(SolutionItems) = preProject
		README.md = README.md
	EndProjectSection
EndProject
Global
	GlobalSection(SolutionConfigurationPlatforms) = preSolution
		Debug|Any CPU = Debug|Any CPU
		Release|Any CPU = Release|Any CPU
	EndGlobalSection
	GlobalSection(ProjectConfigurationPlatforms) = postSolution
		{ABA6ED6E-3D2D-4C5A-8159-28D648FE0D5F}.Debug|Any CPU.ActiveCfg = Debug|Any CPU
		{ABA6ED6E-3D2D-4C5A-8159-28D648FE0D5F}.Debug|Any CPU.Build.0 = Debug|Any CPU
		{ABA6ED6E-3D2D-4C5A-8159-28D648FE0D5F}.Release|Any CPU.ActiveCfg = Release|Any CPU
		{ABA6ED6E-3D2D-4C5A-8159-28D648FE0D5F}.Release|Any CPU.Build.0 = Release|Any CPU
	EndGlobalSection
	GlobalSection(SolutionProperties) = preSolution
		HideSolutionNode = FALSE
	EndGlobalSection
	GlobalSection(ExtensibilityGlobals) = postSolution
		SolutionGuid = {41C89F0A-B2FC-4060-9699-34490A6692F4}
	EndGlobalSection
EndGlobal
